
Microsoft Visual Studio Solution File, Format Version 12.00
# Visual Studio Version 16
VisualStudioVersion = 16.0.30804.86
MinimumVisualStudioVersion = 10.0.40219.1
Project("{FAE04EC0-301F-11D3-BF4B-00C04F79EFBC}") = "ProbingFrameworkPOC", "ProbingFrameworkPOC.csproj", "{D823FD99-5F21-46C4-9D9E-0009C81CC8FB}"
EndProject
Global
	GlobalSection(SolutionConfigurationPlatforms) = preSolution
		Debug|Any CPU = Debug|Any CPU
		Release|Any CPU = Release|Any CPU
	EndGlobalSection
	GlobalSection(ProjectConfigurationPlatforms) = postSolution
		{D823FD99-5F21-46C4-9D9E-0009C81CC8FB}.Debug|Any CPU.ActiveCfg = Debug|Any CPU
		{D823FD99-5F21-46C4-9D9E-0009C81CC8FB}.Debug|Any CPU.Build.0 = Debug|Any CPU
		{D823FD99-5F21-46C4-9D9E-0009C81CC8FB}.Release|Any CPU.ActiveCfg = Release|Any CPU
		{D823FD99-5F21-46C4-9D9E-0009C81CC8FB}.Release|Any CPU.Build.0 = Release|Any CPU
	EndGlobalSection
	GlobalSection(SolutionProperties) = preSolution
		HideSolutionNode = FALSE
	EndGlobalSection
	GlobalSection(ExtensibilityGlobals) = postSolution
		SolutionGuid = {FC18D6FE-E4FB-45E4-98F5-07CAB9C45658}
	EndGlobalSection
EndGlobal
